
Microsoft Visual Studio Solution File, Format Version 12.00
# Visual Studio Version 17
VisualStudioVersion = 17.10.35122.118
MinimumVisualStudioVersion = 10.0.40219.1
Project("{FAE04EC0-301F-11D3-BF4B-00C04F79EFBC}") = "ControleVendas", "ControleVendas\ControleVendas.csproj", "{2DF77761-FB46-44D0-8098-96B6F1A6621A}"
EndProject
Global
	GlobalSection(SolutionConfigurationPlatforms) = preSolution
		Debug|Any CPU = Debug|Any CPU
		Release|Any CPU = Release|Any CPU
	EndGlobalSection
	GlobalSection(ProjectConfigurationPlatforms) = postSolution
		{2DF77761-FB46-44D0-8098-96B6F1A6621A}.Debug|Any CPU.ActiveCfg = Debug|Any CPU
		{2DF77761-FB46-44D0-8098-96B6F1A6621A}.Debug|Any CPU.Build.0 = Debug|Any CPU
		{2DF77761-FB46-44D0-8098-96B6F1A6621A}.Release|Any CPU.ActiveCfg = Release|Any CPU
		{2DF77761-FB46-44D0-8098-96B6F1A6621A}.Release|Any CPU.Build.0 = Release|Any CPU
	EndGlobalSection
	GlobalSection(SolutionProperties) = preSolution
		HideSolutionNode = FALSE
	EndGlobalSection
	GlobalSection(ExtensibilityGlobals) = postSolution
		SolutionGuid = {3C4BFB41-2007-48D3-9312-ADD2E86AC894}
	EndGlobalSection
EndGlobal
